
Microsoft Visual Studio Solution File, Format Version 12.00
# Visual Studio Version 17
VisualStudioVersion = 17.5.33516.290
MinimumVisualStudioVersion = 10.0.40219.1
Project("{FAE04EC0-301F-11D3-BF4B-00C04F79EFBC}") = "BankingSystem", "BankingSystem\BankingSystem.csproj", "{DD3E385C-71B0-4B63-985C-99F483C8D85E}"
EndProject
Project("{FAE04EC0-301F-11D3-BF4B-00C04F79EFBC}") = "TestProject", "TestProject\TestProject.csproj", "{0F91A975-E506-4864-9F7C-E066B2344D6E}"
EndProject
Project("{FAE04EC0-301F-11D3-BF4B-00C04F79EFBC}") = "SQLiteDemo", "SQLiteDemo\SQLiteDemo.csproj", "{02374666-F330-4D2D-AADD-B9BC1710132E}"
EndProject
Global
	GlobalSection(SolutionConfigurationPlatforms) = preSolution
		Debug|Any CPU = Debug|Any CPU
		Release|Any CPU = Release|Any CPU
	EndGlobalSection
	GlobalSection(ProjectConfigurationPlatforms) = postSolution
		{DD3E385C-71B0-4B63-985C-99F483C8D85E}.Debug|Any CPU.ActiveCfg = Debug|Any CPU
		{DD3E385C-71B0-4B63-985C-99F483C8D85E}.Debug|Any CPU.Build.0 = Debug|Any CPU
		{DD3E385C-71B0-4B63-985C-99F483C8D85E}.Release|Any CPU.ActiveCfg = Release|Any CPU
		{DD3E385C-71B0-4B63-985C-99F483C8D85E}.Release|Any CPU.Build.0 = Release|Any CPU
		{0F91A975-E506-4864-9F7C-E066B2344D6E}.Debug|Any CPU.ActiveCfg = Debug|Any CPU
		{0F91A975-E506-4864-9F7C-E066B2344D6E}.Debug|Any CPU.Build.0 = Debug|Any CPU
		{0F91A975-E506-4864-9F7C-E066B2344D6E}.Release|Any CPU.ActiveCfg = Release|Any CPU
		{0F91A975-E506-4864-9F7C-E066B2344D6E}.Release|Any CPU.Build.0 = Release|Any CPU
		{02374666-F330-4D2D-AADD-B9BC1710132E}.Debug|Any CPU.ActiveCfg = Debug|Any CPU
		{02374666-F330-4D2D-AADD-B9BC1710132E}.Debug|Any CPU.Build.0 = Debug|Any CPU
		{02374666-F330-4D2D-AADD-B9BC1710132E}.Release|Any CPU.ActiveCfg = Release|Any CPU
		{02374666-F330-4D2D-AADD-B9BC1710132E}.Release|Any CPU.Build.0 = Release|Any CPU
	EndGlobalSection
	GlobalSection(SolutionProperties) = preSolution
		HideSolutionNode = FALSE
	EndGlobalSection
	GlobalSection(ExtensibilityGlobals) = postSolution
		SolutionGuid = {6C52ED32-7382-4079-B2A8-3D8228E1EFBC}
	EndGlobalSection
EndGlobal
